
Microsoft Visual Studio Solution File, Format Version 12.00
# Visual Studio Version 16
VisualStudioVersion = 16.0.30011.22
MinimumVisualStudioVersion = 10.0.40219.1
Project("{8BC9CEB8-8B4A-11D0-8D11-00A0C91BC942}") = "错误检测", "错误检测.vcxproj", "{E23228A4-1183-41B9-904D-FA9E18CEFA7C}"
EndProject
Global
	GlobalSection(SolutionConfigurationPlatforms) = preSolution
		Debug|x64 = Debug|x64
		Debug|x86 = Debug|x86
		Release|x64 = Release|x64
		Release|x86 = Release|x86
	EndGlobalSection
	GlobalSection(ProjectConfigurationPlatforms) = postSolution
		{E23228A4-1183-41B9-904D-FA9E18CEFA7C}.Debug|x64.ActiveCfg = Debug|x64
		{E23228A4-1183-41B9-904D-FA9E18CEFA7C}.Debug|x64.Build.0 = Debug|x64
		{E23228A4-1183-41B9-904D-FA9E18CEFA7C}.Debug|x86.ActiveCfg = Debug|Win32
		{E23228A4-1183-41B9-904D-FA9E18CEFA7C}.Debug|x86.Build.0 = Debug|Win32
		{E23228A4-1183-41B9-904D-FA9E18CEFA7C}.Release|x64.ActiveCfg = Release|x64
		{E23228A4-1183-41B9-904D-FA9E18CEFA7C}.Release|x64.Build.0 = Release|x64
		{E23228A4-1183-41B9-904D-FA9E18CEFA7C}.Release|x86.ActiveCfg = Release|Win32
		{E23228A4-1183-41B9-904D-FA9E18CEFA7C}.Release|x86.Build.0 = Release|Win32
	EndGlobalSection
	GlobalSection(SolutionProperties) = preSolution
		HideSolutionNode = FALSE
	EndGlobalSection
	GlobalSection(ExtensibilityGlobals) = postSolution
		SolutionGuid = {BEA06867-B3FA-4901-BD98-75C1A826A0A6}
	EndGlobalSection
EndGlobal
