
Microsoft Visual Studio Solution File, Format Version 12.00
# Visual Studio Version 16
VisualStudioVersion = 16.0.32228.343
MinimumVisualStudioVersion = 10.0.40219.1
Project("{8BC9CEB8-8B4A-11D0-8D11-00A0C91BC942}") = "动态规划", "动态规划.vcxproj", "{A25B8B12-AC8A-4E75-89DA-8A6FDFAC20E6}"
EndProject
Project("{8BC9CEB8-8B4A-11D0-8D11-00A0C91BC942}") = "最长回文长度", "最长回文长度\最长回文长度.vcxproj", "{93D92614-C6B9-475C-90C0-85C4956035BF}"
EndProject
Project("{8BC9CEB8-8B4A-11D0-8D11-00A0C91BC942}") = "括号对", "括号对\括号对.vcxproj", "{F65A5362-8D7B-4BE9-AEF6-3119A8A5CE25}"
EndProject
Global
	GlobalSection(SolutionConfigurationPlatforms) = preSolution
		Debug|x64 = Debug|x64
		Debug|x86 = Debug|x86
		Release|x64 = Release|x64
		Release|x86 = Release|x86
	EndGlobalSection
	GlobalSection(ProjectConfigurationPlatforms) = postSolution
		{A25B8B12-AC8A-4E75-89DA-8A6FDFAC20E6}.Debug|x64.ActiveCfg = Debug|x64
		{A25B8B12-AC8A-4E75-89DA-8A6FDFAC20E6}.Debug|x64.Build.0 = Debug|x64
		{A25B8B12-AC8A-4E75-89DA-8A6FDFAC20E6}.Debug|x86.ActiveCfg = Debug|Win32
		{A25B8B12-AC8A-4E75-89DA-8A6FDFAC20E6}.Debug|x86.Build.0 = Debug|Win32
		{A25B8B12-AC8A-4E75-89DA-8A6FDFAC20E6}.Release|x64.ActiveCfg = Release|x64
		{A25B8B12-AC8A-4E75-89DA-8A6FDFAC20E6}.Release|x64.Build.0 = Release|x64
		{A25B8B12-AC8A-4E75-89DA-8A6FDFAC20E6}.Release|x86.ActiveCfg = Release|Win32
		{A25B8B12-AC8A-4E75-89DA-8A6FDFAC20E6}.Release|x86.Build.0 = Release|Win32
		{93D92614-C6B9-475C-90C0-85C4956035BF}.Debug|x64.ActiveCfg = Debug|x64
		{93D92614-C6B9-475C-90C0-85C4956035BF}.Debug|x64.Build.0 = Debug|x64
		{93D92614-C6B9-475C-90C0-85C4956035BF}.Debug|x86.ActiveCfg = Debug|Win32
		{93D92614-C6B9-475C-90C0-85C4956035BF}.Debug|x86.Build.0 = Debug|Win32
		{93D92614-C6B9-475C-90C0-85C4956035BF}.Release|x64.ActiveCfg = Release|x64
		{93D92614-C6B9-475C-90C0-85C4956035BF}.Release|x64.Build.0 = Release|x64
		{93D92614-C6B9-475C-90C0-85C4956035BF}.Release|x86.ActiveCfg = Release|Win32
		{93D92614-C6B9-475C-90C0-85C4956035BF}.Release|x86.Build.0 = Release|Win32
		{F65A5362-8D7B-4BE9-AEF6-3119A8A5CE25}.Debug|x64.ActiveCfg = Debug|x64
		{F65A5362-8D7B-4BE9-AEF6-3119A8A5CE25}.Debug|x64.Build.0 = Debug|x64
		{F65A5362-8D7B-4BE9-AEF6-3119A8A5CE25}.Debug|x86.ActiveCfg = Debug|Win32
		{F65A5362-8D7B-4BE9-AEF6-3119A8A5CE25}.Debug|x86.Build.0 = Debug|Win32
		{F65A5362-8D7B-4BE9-AEF6-3119A8A5CE25}.Release|x64.ActiveCfg = Release|x64
		{F65A5362-8D7B-4BE9-AEF6-3119A8A5CE25}.Release|x64.Build.0 = Release|x64
		{F65A5362-8D7B-4BE9-AEF6-3119A8A5CE25}.Release|x86.ActiveCfg = Release|Win32
		{F65A5362-8D7B-4BE9-AEF6-3119A8A5CE25}.Release|x86.Build.0 = Release|Win32
	EndGlobalSection
	GlobalSection(SolutionProperties) = preSolution
		HideSolutionNode = FALSE
	EndGlobalSection
	GlobalSection(ExtensibilityGlobals) = postSolution
		SolutionGuid = {46C56A7A-4B62-4D2D-B2B9-5A0119EA7436}
	EndGlobalSection
EndGlobal
