
Microsoft Visual Studio Solution File, Format Version 12.00
# Visual Studio Version 16
VisualStudioVersion = 16.0.30114.105
MinimumVisualStudioVersion = 10.0.40219.1
Project("{8BC9CEB8-8B4A-11D0-8D11-00A0C91BC942}") = "Project32", "Project32.vcxproj", "{DF0FDECF-D2A3-4F07-BAB8-74D2C368B37A}"
EndProject
Global
	GlobalSection(SolutionConfigurationPlatforms) = preSolution
		Debug|x64 = Debug|x64
		Debug|x86 = Debug|x86
		Release|x64 = Release|x64
		Release|x86 = Release|x86
	EndGlobalSection
	GlobalSection(ProjectConfigurationPlatforms) = postSolution
		{DF0FDECF-D2A3-4F07-BAB8-74D2C368B37A}.Debug|x64.ActiveCfg = Debug|x64
		{DF0FDECF-D2A3-4F07-BAB8-74D2C368B37A}.Debug|x64.Build.0 = Debug|x64
		{DF0FDECF-D2A3-4F07-BAB8-74D2C368B37A}.Debug|x86.ActiveCfg = Debug|Win32
		{DF0FDECF-D2A3-4F07-BAB8-74D2C368B37A}.Debug|x86.Build.0 = Debug|Win32
		{DF0FDECF-D2A3-4F07-BAB8-74D2C368B37A}.Release|x64.ActiveCfg = Release|x64
		{DF0FDECF-D2A3-4F07-BAB8-74D2C368B37A}.Release|x64.Build.0 = Release|x64
		{DF0FDECF-D2A3-4F07-BAB8-74D2C368B37A}.Release|x86.ActiveCfg = Release|Win32
		{DF0FDECF-D2A3-4F07-BAB8-74D2C368B37A}.Release|x86.Build.0 = Release|Win32
	EndGlobalSection
	GlobalSection(SolutionProperties) = preSolution
		HideSolutionNode = FALSE
	EndGlobalSection
	GlobalSection(ExtensibilityGlobals) = postSolution
		SolutionGuid = {132F0E4E-2551-47AD-9B2A-1BC4594BB526}
	EndGlobalSection
EndGlobal
