
Microsoft Visual Studio Solution File, Format Version 12.00
# Visual Studio Version 16
VisualStudioVersion = 16.0.31729.503
MinimumVisualStudioVersion = 10.0.40219.1
Project("{8BC9CEB8-8B4A-11D0-8D11-00A0C91BC942}") = "Kalman", "Kalman.vcxproj", "{CFC46EEE-00C3-468D-9B22-A83E197DCBC8}"
EndProject
Project("{8BC9CEB8-8B4A-11D0-8D11-00A0C91BC942}") = "kalman1", "..\kalman1\kalman1.vcxproj", "{D61DB39F-A0F3-4DC8-AD40-04BB7524CFAF}"
EndProject
Global
	GlobalSection(SolutionConfigurationPlatforms) = preSolution
		Debug|x64 = Debug|x64
		Debug|x86 = Debug|x86
		Release|x64 = Release|x64
		Release|x86 = Release|x86
	EndGlobalSection
	GlobalSection(ProjectConfigurationPlatforms) = postSolution
		{CFC46EEE-00C3-468D-9B22-A83E197DCBC8}.Debug|x64.ActiveCfg = Debug|x64
		{CFC46EEE-00C3-468D-9B22-A83E197DCBC8}.Debug|x64.Build.0 = Debug|x64
		{CFC46EEE-00C3-468D-9B22-A83E197DCBC8}.Debug|x86.ActiveCfg = Debug|Win32
		{CFC46EEE-00C3-468D-9B22-A83E197DCBC8}.Debug|x86.Build.0 = Debug|Win32
		{CFC46EEE-00C3-468D-9B22-A83E197DCBC8}.Release|x64.ActiveCfg = Release|x64
		{CFC46EEE-00C3-468D-9B22-A83E197DCBC8}.Release|x64.Build.0 = Release|x64
		{CFC46EEE-00C3-468D-9B22-A83E197DCBC8}.Release|x86.ActiveCfg = Release|Win32
		{CFC46EEE-00C3-468D-9B22-A83E197DCBC8}.Release|x86.Build.0 = Release|Win32
		{D61DB39F-A0F3-4DC8-AD40-04BB7524CFAF}.Debug|x64.ActiveCfg = Debug|x64
		{D61DB39F-A0F3-4DC8-AD40-04BB7524CFAF}.Debug|x64.Build.0 = Debug|x64
		{D61DB39F-A0F3-4DC8-AD40-04BB7524CFAF}.Debug|x86.ActiveCfg = Debug|Win32
		{D61DB39F-A0F3-4DC8-AD40-04BB7524CFAF}.Debug|x86.Build.0 = Debug|Win32
		{D61DB39F-A0F3-4DC8-AD40-04BB7524CFAF}.Release|x64.ActiveCfg = Release|x64
		{D61DB39F-A0F3-4DC8-AD40-04BB7524CFAF}.Release|x64.Build.0 = Release|x64
		{D61DB39F-A0F3-4DC8-AD40-04BB7524CFAF}.Release|x86.ActiveCfg = Release|Win32
		{D61DB39F-A0F3-4DC8-AD40-04BB7524CFAF}.Release|x86.Build.0 = Release|Win32
	EndGlobalSection
	GlobalSection(SolutionProperties) = preSolution
		HideSolutionNode = FALSE
	EndGlobalSection
	GlobalSection(ExtensibilityGlobals) = postSolution
		SolutionGuid = {7C6A1F40-1E5D-44F7-B041-032C04404F58}
	EndGlobalSection
EndGlobal
