
Microsoft Visual Studio Solution File, Format Version 12.00
# Visual Studio Version 16
VisualStudioVersion = 16.0.31005.135
MinimumVisualStudioVersion = 10.0.40219.1
Project("{8BC9CEB8-8B4A-11D0-8D11-00A0C91BC942}") = "蓝桥杯第十届真题", "蓝桥杯第十届真题.vcxproj", "{D095EC5B-235B-4FB8-B165-4B7BA45E8965}"
EndProject
Project("{8BC9CEB8-8B4A-11D0-8D11-00A0C91BC942}") = "迭代", "..\10.1\10.1.vcxproj", "{5FE06E39-F435-4C8D-AD3B-AC9214EF11E0}"
EndProject
Project("{8BC9CEB8-8B4A-11D0-8D11-00A0C91BC942}") = "迷宫问题（bfs+queue）", "..\迷宫问题（dfs+queue）\迷宫问题（dfs+queue）.vcxproj", "{305BBC4E-C71E-46F3-B48F-54BB50735D01}"
EndProject
Project("{8BC9CEB8-8B4A-11D0-8D11-00A0C91BC942}") = "数的权值和最大问题", "..\数的权值和最大问题\数的权值和最大问题.vcxproj", "{B07C2814-68D9-408A-BAFC-40A462242393}"
EndProject
Global
	GlobalSection(SolutionConfigurationPlatforms) = preSolution
		Debug|x64 = Debug|x64
		Debug|x86 = Debug|x86
		Release|x64 = Release|x64
		Release|x86 = Release|x86
	EndGlobalSection
	GlobalSection(ProjectConfigurationPlatforms) = postSolution
		{D095EC5B-235B-4FB8-B165-4B7BA45E8965}.Debug|x64.ActiveCfg = Debug|x64
		{D095EC5B-235B-4FB8-B165-4B7BA45E8965}.Debug|x64.Build.0 = Debug|x64
		{D095EC5B-235B-4FB8-B165-4B7BA45E8965}.Debug|x86.ActiveCfg = Debug|Win32
		{D095EC5B-235B-4FB8-B165-4B7BA45E8965}.Debug|x86.Build.0 = Debug|Win32
		{D095EC5B-235B-4FB8-B165-4B7BA45E8965}.Release|x64.ActiveCfg = Release|x64
		{D095EC5B-235B-4FB8-B165-4B7BA45E8965}.Release|x64.Build.0 = Release|x64
		{D095EC5B-235B-4FB8-B165-4B7BA45E8965}.Release|x86.ActiveCfg = Release|Win32
		{D095EC5B-235B-4FB8-B165-4B7BA45E8965}.Release|x86.Build.0 = Release|Win32
		{5FE06E39-F435-4C8D-AD3B-AC9214EF11E0}.Debug|x64.ActiveCfg = Debug|x64
		{5FE06E39-F435-4C8D-AD3B-AC9214EF11E0}.Debug|x64.Build.0 = Debug|x64
		{5FE06E39-F435-4C8D-AD3B-AC9214EF11E0}.Debug|x86.ActiveCfg = Debug|Win32
		{5FE06E39-F435-4C8D-AD3B-AC9214EF11E0}.Debug|x86.Build.0 = Debug|Win32
		{5FE06E39-F435-4C8D-AD3B-AC9214EF11E0}.Release|x64.ActiveCfg = Release|x64
		{5FE06E39-F435-4C8D-AD3B-AC9214EF11E0}.Release|x64.Build.0 = Release|x64
		{5FE06E39-F435-4C8D-AD3B-AC9214EF11E0}.Release|x86.ActiveCfg = Release|Win32
		{5FE06E39-F435-4C8D-AD3B-AC9214EF11E0}.Release|x86.Build.0 = Release|Win32
		{305BBC4E-C71E-46F3-B48F-54BB50735D01}.Debug|x64.ActiveCfg = Debug|x64
		{305BBC4E-C71E-46F3-B48F-54BB50735D01}.Debug|x64.Build.0 = Debug|x64
		{305BBC4E-C71E-46F3-B48F-54BB50735D01}.Debug|x86.ActiveCfg = Debug|Win32
		{305BBC4E-C71E-46F3-B48F-54BB50735D01}.Debug|x86.Build.0 = Debug|Win32
		{305BBC4E-C71E-46F3-B48F-54BB50735D01}.Release|x64.ActiveCfg = Release|x64
		{305BBC4E-C71E-46F3-B48F-54BB50735D01}.Release|x64.Build.0 = Release|x64
		{305BBC4E-C71E-46F3-B48F-54BB50735D01}.Release|x86.ActiveCfg = Release|Win32
		{305BBC4E-C71E-46F3-B48F-54BB50735D01}.Release|x86.Build.0 = Release|Win32
		{B07C2814-68D9-408A-BAFC-40A462242393}.Debug|x64.ActiveCfg = Debug|x64
		{B07C2814-68D9-408A-BAFC-40A462242393}.Debug|x64.Build.0 = Debug|x64
		{B07C2814-68D9-408A-BAFC-40A462242393}.Debug|x86.ActiveCfg = Debug|Win32
		{B07C2814-68D9-408A-BAFC-40A462242393}.Debug|x86.Build.0 = Debug|Win32
		{B07C2814-68D9-408A-BAFC-40A462242393}.Release|x64.ActiveCfg = Release|x64
		{B07C2814-68D9-408A-BAFC-40A462242393}.Release|x64.Build.0 = Release|x64
		{B07C2814-68D9-408A-BAFC-40A462242393}.Release|x86.ActiveCfg = Release|Win32
		{B07C2814-68D9-408A-BAFC-40A462242393}.Release|x86.Build.0 = Release|Win32
	EndGlobalSection
	GlobalSection(SolutionProperties) = preSolution
		HideSolutionNode = FALSE
	EndGlobalSection
	GlobalSection(ExtensibilityGlobals) = postSolution
		SolutionGuid = {E8031426-61A4-4ACC-AB3F-573B871184F7}
	EndGlobalSection
EndGlobal
