
Microsoft Visual Studio Solution File, Format Version 12.00
# Visual Studio Version 16
VisualStudioVersion = 16.0.30907.101
MinimumVisualStudioVersion = 10.0.40219.1
Project("{8BC9CEB8-8B4A-11D0-8D11-00A0C91BC942}") = "opencv_setup", "opencv_setup.vcxproj", "{26B67162-ACBB-4791-B53C-8484F5A1AED1}"
	ProjectSection(ProjectDependencies) = postProject
		{493E7B32-FAE5-43D6-902F-AB3979C891BA} = {493E7B32-FAE5-43D6-902F-AB3979C891BA}
	EndProjectSection
EndProject
Project("{8BC9CEB8-8B4A-11D0-8D11-00A0C91BC942}") = "opencv001", "..\opencv001\opencv001.vcxproj", "{493E7B32-FAE5-43D6-902F-AB3979C891BA}"
EndProject
Project("{8BC9CEB8-8B4A-11D0-8D11-00A0C91BC942}") = "opencv002", "..\opencv002\opencv002.vcxproj", "{DE20734B-14B9-4C0C-B66E-87549AF258D7}"
EndProject
Project("{8BC9CEB8-8B4A-11D0-8D11-00A0C91BC942}") = "opencv003", "..\opencv003\opencv003.vcxproj", "{344ABA5C-B160-4C0A-845B-CCAE17639F6B}"
EndProject
Project("{8BC9CEB8-8B4A-11D0-8D11-00A0C91BC942}") = "OpenCV004", "..\OpenCV004\OpenCV004.vcxproj", "{832F70B1-DA2F-4E96-AD7E-0486F3BA12B9}"
EndProject
Project("{8BC9CEB8-8B4A-11D0-8D11-00A0C91BC942}") = "opencv005", "..\opencv005\opencv005.vcxproj", "{B09AF332-2573-44B3-AACE-3C856F9C6DF8}"
EndProject
Project("{8BC9CEB8-8B4A-11D0-8D11-00A0C91BC942}") = "opencv006", "..\opencv006\opencv006.vcxproj", "{7E6D98C5-E830-4E56-8127-5A8494491205}"
EndProject
Project("{8BC9CEB8-8B4A-11D0-8D11-00A0C91BC942}") = "opencv007", "..\opencv007\opencv007.vcxproj", "{2BBC8BD5-7FE9-4F7C-97B7-A0A58735F44F}"
EndProject
Project("{8BC9CEB8-8B4A-11D0-8D11-00A0C91BC942}") = "opencv008", "..\opencv008\opencv008.vcxproj", "{CC227321-549C-4AE3-8B03-9D383C441962}"
EndProject
Project("{8BC9CEB8-8B4A-11D0-8D11-00A0C91BC942}") = "OpenCV009", "..\OpenCV009\OpenCV009.vcxproj", "{28453DC5-F32E-4D41-B3CA-107A5D8E4796}"
EndProject
Project("{8BC9CEB8-8B4A-11D0-8D11-00A0C91BC942}") = "opencv010", "..\opencv010\opencv010.vcxproj", "{35A50150-3B53-4AB1-92E5-1DF4C602FFEF}"
EndProject
Project("{8BC9CEB8-8B4A-11D0-8D11-00A0C91BC942}") = "opencv011", "..\opencv011\opencv011.vcxproj", "{CDA6AE6E-6B90-4D4D-B287-1F8C13CDB2E5}"
EndProject
Project("{8BC9CEB8-8B4A-11D0-8D11-00A0C91BC942}") = "opencv012", "..\opencv012\opencv012.vcxproj", "{9212C69D-5C5B-48EA-B15A-137DF51169CD}"
EndProject
Project("{8BC9CEB8-8B4A-11D0-8D11-00A0C91BC942}") = "opencv013", "..\opencv013\opencv013.vcxproj", "{56D97739-EE1E-40B7-906B-839BBB573B3F}"
EndProject
Project("{8BC9CEB8-8B4A-11D0-8D11-00A0C91BC942}") = "opencv014", "..\opencv014\opencv014.vcxproj", "{AE4FFB71-73E9-48E3-9522-5169D4C38EB6}"
EndProject
Project("{8BC9CEB8-8B4A-11D0-8D11-00A0C91BC942}") = "opencv015", "..\opencv015\opencv015.vcxproj", "{53E72DFD-915B-4812-973B-4C28843EB9C3}"
EndProject
Project("{8BC9CEB8-8B4A-11D0-8D11-00A0C91BC942}") = "opencv016", "..\opencv016\opencv016.vcxproj", "{9BD618D0-37B8-4EDB-8CCC-A2ADAADB88E6}"
EndProject
Project("{8BC9CEB8-8B4A-11D0-8D11-00A0C91BC942}") = "opencv017", "..\oepncv017\oepncv017.vcxproj", "{679F19AB-6FF3-4749-BD4F-EFE88D1F1515}"
EndProject
Project("{8BC9CEB8-8B4A-11D0-8D11-00A0C91BC942}") = "opencv018", "..\opencv018\opencv018.vcxproj", "{DE8838EC-2C34-4A59-8F81-4590BDE08D35}"
EndProject
Project("{8BC9CEB8-8B4A-11D0-8D11-00A0C91BC942}") = "opencv019", "..\opencv019\opencv019.vcxproj", "{4FD2029A-07C3-46B6-8DD0-E631F730307D}"
EndProject
Project("{8BC9CEB8-8B4A-11D0-8D11-00A0C91BC942}") = "opencv020", "..\opencv020\opencv020.vcxproj", "{52F95DF9-BCF1-4A87-AAD1-866B733F5291}"
EndProject
Project("{8BC9CEB8-8B4A-11D0-8D11-00A0C91BC942}") = "opencv021", "..\opencv021\opencv021.vcxproj", "{BF946D89-5B38-4E99-A4C2-6440704AFDB2}"
EndProject
Project("{8BC9CEB8-8B4A-11D0-8D11-00A0C91BC942}") = "直方图均衡化", "..\直方图均衡化\直方图均衡化.vcxproj", "{B7E17E3F-DF12-4787-AF09-0AFE9EF0588E}"
EndProject
Global
	GlobalSection(SolutionConfigurationPlatforms) = preSolution
		Debug|x64 = Debug|x64
		Debug|x86 = Debug|x86
		Release|x64 = Release|x64
		Release|x86 = Release|x86
	EndGlobalSection
	GlobalSection(ProjectConfigurationPlatforms) = postSolution
		{26B67162-ACBB-4791-B53C-8484F5A1AED1}.Debug|x64.ActiveCfg = Debug|x64
		{26B67162-ACBB-4791-B53C-8484F5A1AED1}.Debug|x64.Build.0 = Debug|x64
		{26B67162-ACBB-4791-B53C-8484F5A1AED1}.Debug|x86.ActiveCfg = Debug|Win32
		{26B67162-ACBB-4791-B53C-8484F5A1AED1}.Debug|x86.Build.0 = Debug|Win32
		{26B67162-ACBB-4791-B53C-8484F5A1AED1}.Release|x64.ActiveCfg = Release|x64
		{26B67162-ACBB-4791-B53C-8484F5A1AED1}.Release|x64.Build.0 = Release|x64
		{26B67162-ACBB-4791-B53C-8484F5A1AED1}.Release|x86.ActiveCfg = Release|Win32
		{26B67162-ACBB-4791-B53C-8484F5A1AED1}.Release|x86.Build.0 = Release|Win32
		{493E7B32-FAE5-43D6-902F-AB3979C891BA}.Debug|x64.ActiveCfg = Debug|x64
		{493E7B32-FAE5-43D6-902F-AB3979C891BA}.Debug|x64.Build.0 = Debug|x64
		{493E7B32-FAE5-43D6-902F-AB3979C891BA}.Debug|x86.ActiveCfg = Debug|Win32
		{493E7B32-FAE5-43D6-902F-AB3979C891BA}.Debug|x86.Build.0 = Debug|Win32
		{493E7B32-FAE5-43D6-902F-AB3979C891BA}.Release|x64.ActiveCfg = Release|x64
		{493E7B32-FAE5-43D6-902F-AB3979C891BA}.Release|x64.Build.0 = Release|x64
		{493E7B32-FAE5-43D6-902F-AB3979C891BA}.Release|x86.ActiveCfg = Release|Win32
		{493E7B32-FAE5-43D6-902F-AB3979C891BA}.Release|x86.Build.0 = Release|Win32
		{DE20734B-14B9-4C0C-B66E-87549AF258D7}.Debug|x64.ActiveCfg = Debug|x64
		{DE20734B-14B9-4C0C-B66E-87549AF258D7}.Debug|x64.Build.0 = Debug|x64
		{DE20734B-14B9-4C0C-B66E-87549AF258D7}.Debug|x86.ActiveCfg = Debug|Win32
		{DE20734B-14B9-4C0C-B66E-87549AF258D7}.Debug|x86.Build.0 = Debug|Win32
		{DE20734B-14B9-4C0C-B66E-87549AF258D7}.Release|x64.ActiveCfg = Release|x64
		{DE20734B-14B9-4C0C-B66E-87549AF258D7}.Release|x64.Build.0 = Release|x64
		{DE20734B-14B9-4C0C-B66E-87549AF258D7}.Release|x86.ActiveCfg = Release|Win32
		{DE20734B-14B9-4C0C-B66E-87549AF258D7}.Release|x86.Build.0 = Release|Win32
		{344ABA5C-B160-4C0A-845B-CCAE17639F6B}.Debug|x64.ActiveCfg = Debug|x64
		{344ABA5C-B160-4C0A-845B-CCAE17639F6B}.Debug|x64.Build.0 = Debug|x64
		{344ABA5C-B160-4C0A-845B-CCAE17639F6B}.Debug|x86.ActiveCfg = Debug|Win32
		{344ABA5C-B160-4C0A-845B-CCAE17639F6B}.Debug|x86.Build.0 = Debug|Win32
		{344ABA5C-B160-4C0A-845B-CCAE17639F6B}.Release|x64.ActiveCfg = Release|x64
		{344ABA5C-B160-4C0A-845B-CCAE17639F6B}.Release|x64.Build.0 = Release|x64
		{344ABA5C-B160-4C0A-845B-CCAE17639F6B}.Release|x86.ActiveCfg = Release|Win32
		{344ABA5C-B160-4C0A-845B-CCAE17639F6B}.Release|x86.Build.0 = Release|Win32
		{832F70B1-DA2F-4E96-AD7E-0486F3BA12B9}.Debug|x64.ActiveCfg = Debug|x64
		{832F70B1-DA2F-4E96-AD7E-0486F3BA12B9}.Debug|x64.Build.0 = Debug|x64
		{832F70B1-DA2F-4E96-AD7E-0486F3BA12B9}.Debug|x86.ActiveCfg = Debug|Win32
		{832F70B1-DA2F-4E96-AD7E-0486F3BA12B9}.Debug|x86.Build.0 = Debug|Win32
		{832F70B1-DA2F-4E96-AD7E-0486F3BA12B9}.Release|x64.ActiveCfg = Release|x64
		{832F70B1-DA2F-4E96-AD7E-0486F3BA12B9}.Release|x64.Build.0 = Release|x64
		{832F70B1-DA2F-4E96-AD7E-0486F3BA12B9}.Release|x86.ActiveCfg = Release|Win32
		{832F70B1-DA2F-4E96-AD7E-0486F3BA12B9}.Release|x86.Build.0 = Release|Win32
		{B09AF332-2573-44B3-AACE-3C856F9C6DF8}.Debug|x64.ActiveCfg = Debug|x64
		{B09AF332-2573-44B3-AACE-3C856F9C6DF8}.Debug|x64.Build.0 = Debug|x64
		{B09AF332-2573-44B3-AACE-3C856F9C6DF8}.Debug|x86.ActiveCfg = Debug|Win32
		{B09AF332-2573-44B3-AACE-3C856F9C6DF8}.Debug|x86.Build.0 = Debug|Win32
		{B09AF332-2573-44B3-AACE-3C856F9C6DF8}.Release|x64.ActiveCfg = Release|x64
		{B09AF332-2573-44B3-AACE-3C856F9C6DF8}.Release|x64.Build.0 = Release|x64
		{B09AF332-2573-44B3-AACE-3C856F9C6DF8}.Release|x86.ActiveCfg = Release|Win32
		{B09AF332-2573-44B3-AACE-3C856F9C6DF8}.Release|x86.Build.0 = Release|Win32
		{7E6D98C5-E830-4E56-8127-5A8494491205}.Debug|x64.ActiveCfg = Debug|x64
		{7E6D98C5-E830-4E56-8127-5A8494491205}.Debug|x64.Build.0 = Debug|x64
		{7E6D98C5-E830-4E56-8127-5A8494491205}.Debug|x86.ActiveCfg = Debug|Win32
		{7E6D98C5-E830-4E56-8127-5A8494491205}.Debug|x86.Build.0 = Debug|Win32
		{7E6D98C5-E830-4E56-8127-5A8494491205}.Release|x64.ActiveCfg = Release|x64
		{7E6D98C5-E830-4E56-8127-5A8494491205}.Release|x64.Build.0 = Release|x64
		{7E6D98C5-E830-4E56-8127-5A8494491205}.Release|x86.ActiveCfg = Release|Win32
		{7E6D98C5-E830-4E56-8127-5A8494491205}.Release|x86.Build.0 = Release|Win32
		{2BBC8BD5-7FE9-4F7C-97B7-A0A58735F44F}.Debug|x64.ActiveCfg = Debug|x64
		{2BBC8BD5-7FE9-4F7C-97B7-A0A58735F44F}.Debug|x64.Build.0 = Debug|x64
		{2BBC8BD5-7FE9-4F7C-97B7-A0A58735F44F}.Debug|x86.ActiveCfg = Debug|Win32
		{2BBC8BD5-7FE9-4F7C-97B7-A0A58735F44F}.Debug|x86.Build.0 = Debug|Win32
		{2BBC8BD5-7FE9-4F7C-97B7-A0A58735F44F}.Release|x64.ActiveCfg = Release|x64
		{2BBC8BD5-7FE9-4F7C-97B7-A0A58735F44F}.Release|x64.Build.0 = Release|x64
		{2BBC8BD5-7FE9-4F7C-97B7-A0A58735F44F}.Release|x86.ActiveCfg = Release|Win32
		{2BBC8BD5-7FE9-4F7C-97B7-A0A58735F44F}.Release|x86.Build.0 = Release|Win32
		{CC227321-549C-4AE3-8B03-9D383C441962}.Debug|x64.ActiveCfg = Debug|x64
		{CC227321-549C-4AE3-8B03-9D383C441962}.Debug|x64.Build.0 = Debug|x64
		{CC227321-549C-4AE3-8B03-9D383C441962}.Debug|x86.ActiveCfg = Debug|Win32
		{CC227321-549C-4AE3-8B03-9D383C441962}.Debug|x86.Build.0 = Debug|Win32
		{CC227321-549C-4AE3-8B03-9D383C441962}.Release|x64.ActiveCfg = Release|x64
		{CC227321-549C-4AE3-8B03-9D383C441962}.Release|x64.Build.0 = Release|x64
		{CC227321-549C-4AE3-8B03-9D383C441962}.Release|x86.ActiveCfg = Release|Win32
		{CC227321-549C-4AE3-8B03-9D383C441962}.Release|x86.Build.0 = Release|Win32
		{28453DC5-F32E-4D41-B3CA-107A5D8E4796}.Debug|x64.ActiveCfg = Debug|x64
		{28453DC5-F32E-4D41-B3CA-107A5D8E4796}.Debug|x64.Build.0 = Debug|x64
		{28453DC5-F32E-4D41-B3CA-107A5D8E4796}.Debug|x86.ActiveCfg = Debug|Win32
		{28453DC5-F32E-4D41-B3CA-107A5D8E4796}.Debug|x86.Build.0 = Debug|Win32
		{28453DC5-F32E-4D41-B3CA-107A5D8E4796}.Release|x64.ActiveCfg = Release|x64
		{28453DC5-F32E-4D41-B3CA-107A5D8E4796}.Release|x64.Build.0 = Release|x64
		{28453DC5-F32E-4D41-B3CA-107A5D8E4796}.Release|x86.ActiveCfg = Release|Win32
		{28453DC5-F32E-4D41-B3CA-107A5D8E4796}.Release|x86.Build.0 = Release|Win32
		{35A50150-3B53-4AB1-92E5-1DF4C602FFEF}.Debug|x64.ActiveCfg = Debug|x64
		{35A50150-3B53-4AB1-92E5-1DF4C602FFEF}.Debug|x64.Build.0 = Debug|x64
		{35A50150-3B53-4AB1-92E5-1DF4C602FFEF}.Debug|x86.ActiveCfg = Debug|Win32
		{35A50150-3B53-4AB1-92E5-1DF4C602FFEF}.Debug|x86.Build.0 = Debug|Win32
		{35A50150-3B53-4AB1-92E5-1DF4C602FFEF}.Release|x64.ActiveCfg = Release|x64
		{35A50150-3B53-4AB1-92E5-1DF4C602FFEF}.Release|x64.Build.0 = Release|x64
		{35A50150-3B53-4AB1-92E5-1DF4C602FFEF}.Release|x86.ActiveCfg = Release|Win32
		{35A50150-3B53-4AB1-92E5-1DF4C602FFEF}.Release|x86.Build.0 = Release|Win32
		{CDA6AE6E-6B90-4D4D-B287-1F8C13CDB2E5}.Debug|x64.ActiveCfg = Debug|x64
		{CDA6AE6E-6B90-4D4D-B287-1F8C13CDB2E5}.Debug|x64.Build.0 = Debug|x64
		{CDA6AE6E-6B90-4D4D-B287-1F8C13CDB2E5}.Debug|x86.ActiveCfg = Debug|Win32
		{CDA6AE6E-6B90-4D4D-B287-1F8C13CDB2E5}.Debug|x86.Build.0 = Debug|Win32
		{CDA6AE6E-6B90-4D4D-B287-1F8C13CDB2E5}.Release|x64.ActiveCfg = Release|x64
		{CDA6AE6E-6B90-4D4D-B287-1F8C13CDB2E5}.Release|x64.Build.0 = Release|x64
		{CDA6AE6E-6B90-4D4D-B287-1F8C13CDB2E5}.Release|x86.ActiveCfg = Release|Win32
		{CDA6AE6E-6B90-4D4D-B287-1F8C13CDB2E5}.Release|x86.Build.0 = Release|Win32
		{9212C69D-5C5B-48EA-B15A-137DF51169CD}.Debug|x64.ActiveCfg = Debug|x64
		{9212C69D-5C5B-48EA-B15A-137DF51169CD}.Debug|x64.Build.0 = Debug|x64
		{9212C69D-5C5B-48EA-B15A-137DF51169CD}.Debug|x86.ActiveCfg = Debug|Win32
		{9212C69D-5C5B-48EA-B15A-137DF51169CD}.Debug|x86.Build.0 = Debug|Win32
		{9212C69D-5C5B-48EA-B15A-137DF51169CD}.Release|x64.ActiveCfg = Release|x64
		{9212C69D-5C5B-48EA-B15A-137DF51169CD}.Release|x64.Build.0 = Release|x64
		{9212C69D-5C5B-48EA-B15A-137DF51169CD}.Release|x86.ActiveCfg = Release|Win32
		{9212C69D-5C5B-48EA-B15A-137DF51169CD}.Release|x86.Build.0 = Release|Win32
		{56D97739-EE1E-40B7-906B-839BBB573B3F}.Debug|x64.ActiveCfg = Debug|x64
		{56D97739-EE1E-40B7-906B-839BBB573B3F}.Debug|x64.Build.0 = Debug|x64
		{56D97739-EE1E-40B7-906B-839BBB573B3F}.Debug|x86.ActiveCfg = Debug|Win32
		{56D97739-EE1E-40B7-906B-839BBB573B3F}.Debug|x86.Build.0 = Debug|Win32
		{56D97739-EE1E-40B7-906B-839BBB573B3F}.Release|x64.ActiveCfg = Release|x64
		{56D97739-EE1E-40B7-906B-839BBB573B3F}.Release|x64.Build.0 = Release|x64
		{56D97739-EE1E-40B7-906B-839BBB573B3F}.Release|x86.ActiveCfg = Release|Win32
		{56D97739-EE1E-40B7-906B-839BBB573B3F}.Release|x86.Build.0 = Release|Win32
		{AE4FFB71-73E9-48E3-9522-5169D4C38EB6}.Debug|x64.ActiveCfg = Debug|x64
		{AE4FFB71-73E9-48E3-9522-5169D4C38EB6}.Debug|x64.Build.0 = Debug|x64
		{AE4FFB71-73E9-48E3-9522-5169D4C38EB6}.Debug|x86.ActiveCfg = Debug|Win32
		{AE4FFB71-73E9-48E3-9522-5169D4C38EB6}.Debug|x86.Build.0 = Debug|Win32
		{AE4FFB71-73E9-48E3-9522-5169D4C38EB6}.Release|x64.ActiveCfg = Release|x64
		{AE4FFB71-73E9-48E3-9522-5169D4C38EB6}.Release|x64.Build.0 = Release|x64
		{AE4FFB71-73E9-48E3-9522-5169D4C38EB6}.Release|x86.ActiveCfg = Release|Win32
		{AE4FFB71-73E9-48E3-9522-5169D4C38EB6}.Release|x86.Build.0 = Release|Win32
		{53E72DFD-915B-4812-973B-4C28843EB9C3}.Debug|x64.ActiveCfg = Debug|x64
		{53E72DFD-915B-4812-973B-4C28843EB9C3}.Debug|x64.Build.0 = Debug|x64
		{53E72DFD-915B-4812-973B-4C28843EB9C3}.Debug|x86.ActiveCfg = Debug|Win32
		{53E72DFD-915B-4812-973B-4C28843EB9C3}.Debug|x86.Build.0 = Debug|Win32
		{53E72DFD-915B-4812-973B-4C28843EB9C3}.Release|x64.ActiveCfg = Release|x64
		{53E72DFD-915B-4812-973B-4C28843EB9C3}.Release|x64.Build.0 = Release|x64
		{53E72DFD-915B-4812-973B-4C28843EB9C3}.Release|x86.ActiveCfg = Release|Win32
		{53E72DFD-915B-4812-973B-4C28843EB9C3}.Release|x86.Build.0 = Release|Win32
		{9BD618D0-37B8-4EDB-8CCC-A2ADAADB88E6}.Debug|x64.ActiveCfg = Debug|x64
		{9BD618D0-37B8-4EDB-8CCC-A2ADAADB88E6}.Debug|x64.Build.0 = Debug|x64
		{9BD618D0-37B8-4EDB-8CCC-A2ADAADB88E6}.Debug|x86.ActiveCfg = Debug|Win32
		{9BD618D0-37B8-4EDB-8CCC-A2ADAADB88E6}.Debug|x86.Build.0 = Debug|Win32
		{9BD618D0-37B8-4EDB-8CCC-A2ADAADB88E6}.Release|x64.ActiveCfg = Release|x64
		{9BD618D0-37B8-4EDB-8CCC-A2ADAADB88E6}.Release|x64.Build.0 = Release|x64
		{9BD618D0-37B8-4EDB-8CCC-A2ADAADB88E6}.Release|x86.ActiveCfg = Release|Win32
		{9BD618D0-37B8-4EDB-8CCC-A2ADAADB88E6}.Release|x86.Build.0 = Release|Win32
		{679F19AB-6FF3-4749-BD4F-EFE88D1F1515}.Debug|x64.ActiveCfg = Debug|x64
		{679F19AB-6FF3-4749-BD4F-EFE88D1F1515}.Debug|x64.Build.0 = Debug|x64
		{679F19AB-6FF3-4749-BD4F-EFE88D1F1515}.Debug|x86.ActiveCfg = Debug|Win32
		{679F19AB-6FF3-4749-BD4F-EFE88D1F1515}.Debug|x86.Build.0 = Debug|Win32
		{679F19AB-6FF3-4749-BD4F-EFE88D1F1515}.Release|x64.ActiveCfg = Release|x64
		{679F19AB-6FF3-4749-BD4F-EFE88D1F1515}.Release|x64.Build.0 = Release|x64
		{679F19AB-6FF3-4749-BD4F-EFE88D1F1515}.Release|x86.ActiveCfg = Release|Win32
		{679F19AB-6FF3-4749-BD4F-EFE88D1F1515}.Release|x86.Build.0 = Release|Win32
		{DE8838EC-2C34-4A59-8F81-4590BDE08D35}.Debug|x64.ActiveCfg = Debug|x64
		{DE8838EC-2C34-4A59-8F81-4590BDE08D35}.Debug|x64.Build.0 = Debug|x64
		{DE8838EC-2C34-4A59-8F81-4590BDE08D35}.Debug|x86.ActiveCfg = Debug|Win32
		{DE8838EC-2C34-4A59-8F81-4590BDE08D35}.Debug|x86.Build.0 = Debug|Win32
		{DE8838EC-2C34-4A59-8F81-4590BDE08D35}.Release|x64.ActiveCfg = Release|x64
		{DE8838EC-2C34-4A59-8F81-4590BDE08D35}.Release|x64.Build.0 = Release|x64
		{DE8838EC-2C34-4A59-8F81-4590BDE08D35}.Release|x86.ActiveCfg = Release|Win32
		{DE8838EC-2C34-4A59-8F81-4590BDE08D35}.Release|x86.Build.0 = Release|Win32
		{4FD2029A-07C3-46B6-8DD0-E631F730307D}.Debug|x64.ActiveCfg = Debug|x64
		{4FD2029A-07C3-46B6-8DD0-E631F730307D}.Debug|x64.Build.0 = Debug|x64
		{4FD2029A-07C3-46B6-8DD0-E631F730307D}.Debug|x86.ActiveCfg = Debug|Win32
		{4FD2029A-07C3-46B6-8DD0-E631F730307D}.Debug|x86.Build.0 = Debug|Win32
		{4FD2029A-07C3-46B6-8DD0-E631F730307D}.Release|x64.ActiveCfg = Release|x64
		{4FD2029A-07C3-46B6-8DD0-E631F730307D}.Release|x64.Build.0 = Release|x64
		{4FD2029A-07C3-46B6-8DD0-E631F730307D}.Release|x86.ActiveCfg = Release|Win32
		{4FD2029A-07C3-46B6-8DD0-E631F730307D}.Release|x86.Build.0 = Release|Win32
		{52F95DF9-BCF1-4A87-AAD1-866B733F5291}.Debug|x64.ActiveCfg = Debug|x64
		{52F95DF9-BCF1-4A87-AAD1-866B733F5291}.Debug|x64.Build.0 = Debug|x64
		{52F95DF9-BCF1-4A87-AAD1-866B733F5291}.Debug|x86.ActiveCfg = Debug|Win32
		{52F95DF9-BCF1-4A87-AAD1-866B733F5291}.Debug|x86.Build.0 = Debug|Win32
		{52F95DF9-BCF1-4A87-AAD1-866B733F5291}.Release|x64.ActiveCfg = Release|x64
		{52F95DF9-BCF1-4A87-AAD1-866B733F5291}.Release|x64.Build.0 = Release|x64
		{52F95DF9-BCF1-4A87-AAD1-866B733F5291}.Release|x86.ActiveCfg = Release|Win32
		{52F95DF9-BCF1-4A87-AAD1-866B733F5291}.Release|x86.Build.0 = Release|Win32
		{BF946D89-5B38-4E99-A4C2-6440704AFDB2}.Debug|x64.ActiveCfg = Debug|x64
		{BF946D89-5B38-4E99-A4C2-6440704AFDB2}.Debug|x64.Build.0 = Debug|x64
		{BF946D89-5B38-4E99-A4C2-6440704AFDB2}.Debug|x86.ActiveCfg = Debug|Win32
		{BF946D89-5B38-4E99-A4C2-6440704AFDB2}.Debug|x86.Build.0 = Debug|Win32
		{BF946D89-5B38-4E99-A4C2-6440704AFDB2}.Release|x64.ActiveCfg = Release|x64
		{BF946D89-5B38-4E99-A4C2-6440704AFDB2}.Release|x64.Build.0 = Release|x64
		{BF946D89-5B38-4E99-A4C2-6440704AFDB2}.Release|x86.ActiveCfg = Release|Win32
		{BF946D89-5B38-4E99-A4C2-6440704AFDB2}.Release|x86.Build.0 = Release|Win32
		{B7E17E3F-DF12-4787-AF09-0AFE9EF0588E}.Debug|x64.ActiveCfg = Debug|x64
		{B7E17E3F-DF12-4787-AF09-0AFE9EF0588E}.Debug|x64.Build.0 = Debug|x64
		{B7E17E3F-DF12-4787-AF09-0AFE9EF0588E}.Debug|x86.ActiveCfg = Debug|Win32
		{B7E17E3F-DF12-4787-AF09-0AFE9EF0588E}.Debug|x86.Build.0 = Debug|Win32
		{B7E17E3F-DF12-4787-AF09-0AFE9EF0588E}.Release|x64.ActiveCfg = Release|x64
		{B7E17E3F-DF12-4787-AF09-0AFE9EF0588E}.Release|x64.Build.0 = Release|x64
		{B7E17E3F-DF12-4787-AF09-0AFE9EF0588E}.Release|x86.ActiveCfg = Release|Win32
		{B7E17E3F-DF12-4787-AF09-0AFE9EF0588E}.Release|x86.Build.0 = Release|Win32
	EndGlobalSection
	GlobalSection(SolutionProperties) = preSolution
		HideSolutionNode = FALSE
	EndGlobalSection
	GlobalSection(ExtensibilityGlobals) = postSolution
		SolutionGuid = {3F5F5121-2663-403B-A781-61183FACD9F4}
	EndGlobalSection
EndGlobal
