
Microsoft Visual Studio Solution File, Format Version 12.00
# Visual Studio Version 16
VisualStudioVersion = 16.0.31005.135
MinimumVisualStudioVersion = 10.0.40219.1
Project("{888888A0-9F3D-457C-B088-3A5042F75D52}") = "ganzhiqi04", "ganzhiqi04.pyproj", "{425BF3C9-7B1C-4A69-BE9F-7456D9CEE881}"
EndProject
Global
	GlobalSection(SolutionConfigurationPlatforms) = preSolution
		Debug|Any CPU = Debug|Any CPU
		Release|Any CPU = Release|Any CPU
	EndGlobalSection
	GlobalSection(ProjectConfigurationPlatforms) = postSolution
		{425BF3C9-7B1C-4A69-BE9F-7456D9CEE881}.Debug|Any CPU.ActiveCfg = Debug|Any CPU
		{425BF3C9-7B1C-4A69-BE9F-7456D9CEE881}.Release|Any CPU.ActiveCfg = Release|Any CPU
	EndGlobalSection
	GlobalSection(SolutionProperties) = preSolution
		HideSolutionNode = FALSE
	EndGlobalSection
	GlobalSection(ExtensibilityGlobals) = postSolution
		SolutionGuid = {88844549-57FF-4C31-B7CE-B92F2636DB73}
	EndGlobalSection
EndGlobal
