
Microsoft Visual Studio Solution File, Format Version 12.00
# Visual Studio Version 16
VisualStudioVersion = 16.0.31005.135
MinimumVisualStudioVersion = 10.0.40219.1
Project("{8BC9CEB8-8B4A-11D0-8D11-00A0C91BC942}") = "支持向量机-两类", "支持向量机-两类.vcxproj", "{171DF797-1045-40D3-B010-8BD0C9BBE452}"
EndProject
Global
	GlobalSection(SolutionConfigurationPlatforms) = preSolution
		Debug|x64 = Debug|x64
		Debug|x86 = Debug|x86
		Release|x64 = Release|x64
		Release|x86 = Release|x86
	EndGlobalSection
	GlobalSection(ProjectConfigurationPlatforms) = postSolution
		{171DF797-1045-40D3-B010-8BD0C9BBE452}.Debug|x64.ActiveCfg = Debug|x64
		{171DF797-1045-40D3-B010-8BD0C9BBE452}.Debug|x64.Build.0 = Debug|x64
		{171DF797-1045-40D3-B010-8BD0C9BBE452}.Debug|x86.ActiveCfg = Debug|Win32
		{171DF797-1045-40D3-B010-8BD0C9BBE452}.Debug|x86.Build.0 = Debug|Win32
		{171DF797-1045-40D3-B010-8BD0C9BBE452}.Release|x64.ActiveCfg = Release|x64
		{171DF797-1045-40D3-B010-8BD0C9BBE452}.Release|x64.Build.0 = Release|x64
		{171DF797-1045-40D3-B010-8BD0C9BBE452}.Release|x86.ActiveCfg = Release|Win32
		{171DF797-1045-40D3-B010-8BD0C9BBE452}.Release|x86.Build.0 = Release|Win32
	EndGlobalSection
	GlobalSection(SolutionProperties) = preSolution
		HideSolutionNode = FALSE
	EndGlobalSection
	GlobalSection(ExtensibilityGlobals) = postSolution
		SolutionGuid = {0F28A540-B577-48AE-AFF8-0C7DF266C400}
	EndGlobalSection
EndGlobal
